github.com/go-ego/cedar v0.0.0-20191026170511-cf63283d1a1d/go.mod h1:2tj8NEwz6OsMT56YhN7mL7dYCncJs7dOmz/Xki1ofCU=
github.com/go-ego/cedar v0.0.0-20191227150551-28f3bed5945b h1:ppRAHWgcd9NYe8ALlj4whOY7Dt/eMuS3KcpnDqPpBig=
github.com/go-ego/cedar v0.0.0-20191227150551-28f3bed5945b/go.mod h1:fEBCL8k9n1uTGCgRVWR/ANO+13P6wx6l9Q1tCKLzqIw=
github.com/go-ego/gse v0.0.0-20200106152254-75ab7b8d2f4a h1:Ur+gRA4xREqNrM+d2vbbQzGSEIQP3aqyEpx1AY2aiAw=
github.com/go-ego/gse v0.0.0-20200106152254-75ab7b8d2f4a/go.mod h1:CEs4Qx+i8pnxDPG0Tlbb1GqVI4NxCbgNHcy+lQiDyTQ=
github.com/vcaesar/tt v0.0.0-20191103173835-6896a351024b h1:psGhQitWSo4KBpLghvJPlhHxTJ8LQl1y0ekjSreqvu4=
github.com/vcaesar/tt v0.0.0-20191103173835-6896a351024b/go.mod h1:GHPxQYhn+7OgKakRusH7KJ0M5MhywoeLb8Fcffs/Gtg=
github.com/vcaesar/tt v0.0.0-20200214111121-9561a943a243 h1:cx8++jxUQNguYJchu9WYJ6ELAawSTbLRDfBRYaoX5fk=
github.com/vcaesar/tt v0.0.0-20200214111121-9561a943a243/go.mod h1:GHPxQYhn+7OgKakRusH7KJ0M5MhywoeLb8Fcffs/Gtg=
