github.com/mattn/go-isatty v0.0.4 h1:bnP0vzxcAdeI1zdubAl5PjU6zsERjGZb7raWodagDYs=
github.com/mattn/go-isatty v0.0.4/go.mod h1:M+lRXTBqGeGNdLjl/ufCoiOlB5xdOkqRJdNxMWT7Zi4=
golang.org/x/sys v0.0.0-20190916165910-8a69140bde95 h1:fssfdyfIxP8slcYeB1BnYuvJgq8Q6Q9aQwNBN2IDY/E=
golang.org/x/sys v0.0.0-20190916165910-8a69140bde95/go.mod h1:h1NjWce9XRLGQEsW7wpKNCjG9DtNlClVuFLEZdDNbEs=
