github.com/go-ego/cedar v0.10.1 h1:zv0mqL1ZDnQrYco1p+CIZZwYO7UF07ponW9a51PUij0=
github.com/go-ego/cedar v0.10.1/go.mod h1:8PerMCSjZ4DLzBNxWTcvvhUops+zXeeGGGA9a1bgvlA=
github.com/go-ego/gpy v0.40.0 h1:aFti81H7yHscHaYKy2Y8WA5lZZpQTGHMfMvJeT0og30=
github.com/go-ego/gpy v0.40.0/go.mod h1:4Sgx8WtGDGUUSoCq5Cs5Y6egUbLLZ4gZ7vrfR9FbWIY=
github.com/go-ego/gse v0.60.0 h1:ZX9GyTzqy9NWMesQ0ItJ7Kj0NvV9oZzA2F9NFMNoi/Y=
github.com/go-ego/gse v0.60.0/go.mod h1:ShrS1GY+mkTMNSay65Ya/AIkguGM2tVmkDYcwOKPT6o=
github.com/go-ego/gse v0.62.0 h1:HHfnB0wWOixItVxtQmDIoQbPpoPBToS1T8cBIt98p0U=
github.com/go-ego/gse v0.62.0/go.mod h1:ShrS1GY+mkTMNSay65Ya/AIkguGM2tVmkDYcwOKPT6o=
github.com/mattn/go-isatty v0.0.12 h1:wuysRhFDzyxgEmMf5xjvJ2M9dZoWAXNNr5LSBS7uHXY=
github.com/mattn/go-isatty v0.0.12/go.mod h1:cbi8OIDigv2wuxKPP5vlRcQ1OAZbq2CE4Kysco4FUpU=
github.com/vcaesar/tt v0.10.1 h1:0DEl+XkyXivEwb/7jIYhDQ1g7KtMYqD/ZqABcMwC3wo=
github.com/vcaesar/tt v0.10.1/go.mod h1:GHPxQYhn+7OgKakRusH7KJ0M5MhywoeLb8Fcffs/Gtg=
golang.org/x/sys v0.0.0-20200116001909-b77594299b42/go.mod h1:h1NjWce9XRLGQEsW7wpKNCjG9DtNlClVuFLEZdDNbEs=
golang.org/x/sys v0.0.0-20201009025420-dfb3f7c4e634 h1:bNEHhJCnrwMKNMmOx3yAynp5vs5/gRy+XWFtZFu7NBM=
golang.org/x/sys v0.0.0-20201009025420-dfb3f7c4e634/go.mod h1:h1NjWce9XRLGQEsW7wpKNCjG9DtNlClVuFLEZdDNbEs=
