github.com/go-ego/cedar v0.10.0 h1:422oGVkurGN2JZ0kiOev4hF6gsQULbePfjQIB4JHl8M=
github.com/go-ego/cedar v0.10.0/go.mod h1:DPGtR4K0NDHs/TlwrY063w9Mx1o8+OBegu+nINLhP84=
github.com/go-ego/gpy v0.30.1 h1:Bv62LC5aCTxtY5jqFY/Das+8dAq1p/rjJcqfAuscVcA=
github.com/go-ego/gpy v0.30.1/go.mod h1:ZVApRKPCwHXFSgdJSLcUL+wbEPnK91MZQzxkKPHH3nY=
github.com/go-ego/gse v0.50.3 h1:bzQiq6DyKgXaTiym3hOkBmr2FOtZdMHiHRUoT1aMsvA=
github.com/go-ego/gse v0.50.3/go.mod h1:YA6Poe9bIZUJYtSmzHPZ7tqj2Z7Hk8lo8kKETnCxMXQ=
github.com/mattn/go-isatty v0.0.12 h1:wuysRhFDzyxgEmMf5xjvJ2M9dZoWAXNNr5LSBS7uHXY=
github.com/mattn/go-isatty v0.0.12/go.mod h1:cbi8OIDigv2wuxKPP5vlRcQ1OAZbq2CE4Kysco4FUpU=
github.com/vcaesar/tt v0.10.0 h1:jPtFiRRnCOXVakd5ujCed2dwWwTs91wh8W1iHeUIfc0=
github.com/vcaesar/tt v0.10.0/go.mod h1:GHPxQYhn+7OgKakRusH7KJ0M5MhywoeLb8Fcffs/Gtg=
golang.org/x/sys v0.0.0-20200116001909-b77594299b42/go.mod h1:h1NjWce9XRLGQEsW7wpKNCjG9DtNlClVuFLEZdDNbEs=
golang.org/x/sys v0.0.0-20200523222454-059865788121 h1:rITEj+UZHYC927n8GT97eC3zrpzXdb/voyeOuVKS46o=
golang.org/x/sys v0.0.0-20200523222454-059865788121/go.mod h1:h1NjWce9XRLGQEsW7wpKNCjG9DtNlClVuFLEZdDNbEs=
